Microsoft Visual Studio Solution File, Format Version 11.00
# Visual Studio 2008

Project("{992A1867-CFD8-CF7B-49E4-ECE1A9EC03DE}") = "NavigationV1209", "Assembly-CSharp.csproj", "{F4DB55F6-CA64-105E-CAC2-AF7C98E409FC}"
EndProject
Project("{992A1867-CFD8-CF7B-49E4-ECE1A9EC03DE}") = "NavigationV1209", "Assembly-CSharp-Editor.csproj", "{B31D15DD-D497-A7BD-D12A-D54B33249651}"
EndProject
Project("{992A1867-CFD8-CF7B-49E4-ECE1A9EC03DE}") = "NavigationV1209", "Assembly-UnityScript.unityproj", "{58BFBEC4-6306-042D-B99D-265F74B540A8}"
EndProject
Project("{992A1867-CFD8-CF7B-49E4-ECE1A9EC03DE}") = "NavigationV1209", "Assembly-UnityScript-Editor-firstpass.unityproj", "{8F6A23E4-B5B9-30A5-5F86-CD9A08E9225F}"
EndProject
Global
	GlobalSection(SolutionConfigurationPlatforms) = preSolution
		Debug|Any CPU = Debug|Any CPU
		Release|Any CPU = Release|Any CPU
	EndGlobalSection
	GlobalSection(ProjectConfigurationPlatforms) = postSolution
		{F4DB55F6-CA64-105E-CAC2-AF7C98E409FC}.Debug|Any CPU.ActiveCfg = Debug|Any CPU
		{F4DB55F6-CA64-105E-CAC2-AF7C98E409FC}.Debug|Any CPU.Build.0 = Debug|Any CPU
		{F4DB55F6-CA64-105E-CAC2-AF7C98E409FC}.Release|Any CPU.ActiveCfg = Release|Any CPU
		{F4DB55F6-CA64-105E-CAC2-AF7C98E409FC}.Release|Any CPU.Build.0 = Release|Any CPU
		{B31D15DD-D497-A7BD-D12A-D54B33249651}.Debug|Any CPU.ActiveCfg = Debug|Any CPU
		{B31D15DD-D497-A7BD-D12A-D54B33249651}.Debug|Any CPU.Build.0 = Debug|Any CPU
		{B31D15DD-D497-A7BD-D12A-D54B33249651}.Release|Any CPU.ActiveCfg = Release|Any CPU
		{B31D15DD-D497-A7BD-D12A-D54B33249651}.Release|Any CPU.Build.0 = Release|Any CPU
		{58BFBEC4-6306-042D-B99D-265F74B540A8}.Debug|Any CPU.ActiveCfg = Debug|Any CPU
		{58BFBEC4-6306-042D-B99D-265F74B540A8}.Debug|Any CPU.Build.0 = Debug|Any CPU
		{58BFBEC4-6306-042D-B99D-265F74B540A8}.Release|Any CPU.ActiveCfg = Release|Any CPU
		{58BFBEC4-6306-042D-B99D-265F74B540A8}.Release|Any CPU.Build.0 = Release|Any CPU
		{8F6A23E4-B5B9-30A5-5F86-CD9A08E9225F}.Debug|Any CPU.ActiveCfg = Debug|Any CPU
		{8F6A23E4-B5B9-30A5-5F86-CD9A08E9225F}.Debug|Any CPU.Build.0 = Debug|Any CPU
		{8F6A23E4-B5B9-30A5-5F86-CD9A08E9225F}.Release|Any CPU.ActiveCfg = Release|Any CPU
		{8F6A23E4-B5B9-30A5-5F86-CD9A08E9225F}.Release|Any CPU.Build.0 = Release|Any CPU
	EndGlobalSection
	GlobalSection(SolutionProperties) = preSolution
		HideSolutionNode = FALSE
	EndGlobalSection
	GlobalSection(MonoDevelopProperties) = preSolution
		StartupItem = Assembly-CSharp.csproj
		Policies = $0
		$0.TextStylePolicy = $1
		$1.inheritsSet = null
		$1.scope = text/x-csharp
		$0.CSharpFormattingPolicy = $2
		$2.inheritsSet = Mono
		$2.inheritsScope = text/x-csharp
		$2.scope = text/x-csharp
		$0.TextStylePolicy = $3
		$3.FileWidth = 120
		$3.TabWidth = 4
		$3.EolMarker = Unix
		$3.inheritsSet = Mono
		$3.inheritsScope = text/plain
		$3.scope = text/plain
	EndGlobalSection
EndGlobal
