Microsoft Visual Studio Solution File, Format Version 11.00
# Visual Studio 2008

Project("{03632F6E-80A8-52DD-628B-7245824543A6}") = "Navigation_v0703_2015_NGUI", "Assembly-CSharp.csproj", "{16EC6B3F-EE69-D196-B2E3-3B0B66EB4EAC}"
EndProject
Project("{03632F6E-80A8-52DD-628B-7245824543A6}") = "Navigation_v0703_2015_NGUI", "Assembly-CSharp-Editor.csproj", "{CF31F7DF-8876-2710-805A-9FD1A16550D8}"
EndProject
Project("{03632F6E-80A8-52DD-628B-7245824543A6}") = "Navigation_v0703_2015_NGUI", "Assembly-UnityScript-Editor-firstpass.unityproj", "{571A0D5A-4949-F602-6E82-019C41622271}"
EndProject
Global
	GlobalSection(SolutionConfigurationPlatforms) = preSolution
		Debug|Any CPU = Debug|Any CPU
		Release|Any CPU = Release|Any CPU
	EndGlobalSection
	GlobalSection(ProjectConfigurationPlatforms) = postSolution
		{16EC6B3F-EE69-D196-B2E3-3B0B66EB4EAC}.Debug|Any CPU.ActiveCfg = Debug|Any CPU
		{16EC6B3F-EE69-D196-B2E3-3B0B66EB4EAC}.Debug|Any CPU.Build.0 = Debug|Any CPU
		{16EC6B3F-EE69-D196-B2E3-3B0B66EB4EAC}.Release|Any CPU.ActiveCfg = Release|Any CPU
		{16EC6B3F-EE69-D196-B2E3-3B0B66EB4EAC}.Release|Any CPU.Build.0 = Release|Any CPU
		{CF31F7DF-8876-2710-805A-9FD1A16550D8}.Debug|Any CPU.ActiveCfg = Debug|Any CPU
		{CF31F7DF-8876-2710-805A-9FD1A16550D8}.Debug|Any CPU.Build.0 = Debug|Any CPU
		{CF31F7DF-8876-2710-805A-9FD1A16550D8}.Release|Any CPU.ActiveCfg = Release|Any CPU
		{CF31F7DF-8876-2710-805A-9FD1A16550D8}.Release|Any CPU.Build.0 = Release|Any CPU
		{571A0D5A-4949-F602-6E82-019C41622271}.Debug|Any CPU.ActiveCfg = Debug|Any CPU
		{571A0D5A-4949-F602-6E82-019C41622271}.Debug|Any CPU.Build.0 = Debug|Any CPU
		{571A0D5A-4949-F602-6E82-019C41622271}.Release|Any CPU.ActiveCfg = Release|Any CPU
		{571A0D5A-4949-F602-6E82-019C41622271}.Release|Any CPU.Build.0 = Release|Any CPU
	EndGlobalSection
	GlobalSection(SolutionProperties) = preSolution
		HideSolutionNode = FALSE
	EndGlobalSection
																				GlobalSection(MonoDevelopProperties) = preSolution
		StartupItem = Assembly-CSharp.csproj
		Policies = $0
		$0.TextStylePolicy = $1
		$1.inheritsSet = null
		$1.scope = text/x-csharp
		$0.CSharpFormattingPolicy = $2
		$2.inheritsSet = Mono
		$2.inheritsScope = text/x-csharp
		$2.scope = text/x-csharp
		$0.TextStylePolicy = $3
		$3.FileWidth = 120
		$3.TabWidth = 4
		$3.EolMarker = Unix
		$3.inheritsSet = Mono
		$3.inheritsScope = text/plain
		$3.scope = text/plain
	EndGlobalSection

EndGlobal
