Microsoft Visual Studio Solution File, Format Version 11.00
# Visual Studio 2008

Project("{A6F615B4-ECD0-23EA-7C27-A7F6D450081A}") = "Navigation_v0627_2015_NGUI", "Assembly-CSharp.csproj", "{406C0772-6922-1ADC-F6E3-C342F50531A8}"
EndProject
Project("{A6F615B4-ECD0-23EA-7C27-A7F6D450081A}") = "Navigation_v0627_2015_NGUI", "Assembly-CSharp-Editor.csproj", "{0A822ACB-D36E-95F4-8081-CEBDA75E96FE}"
EndProject
Project("{A6F615B4-ECD0-23EA-7C27-A7F6D450081A}") = "Navigation_v0627_2015_NGUI", "Assembly-UnityScript-Editor-firstpass.unityproj", "{859DA504-4592-3788-D8DC-A810D62BA268}"
EndProject
Global
	GlobalSection(SolutionConfigurationPlatforms) = preSolution
		Debug|Any CPU = Debug|Any CPU
		Release|Any CPU = Release|Any CPU
	EndGlobalSection
	GlobalSection(ProjectConfigurationPlatforms) = postSolution
		{406C0772-6922-1ADC-F6E3-C342F50531A8}.Debug|Any CPU.ActiveCfg = Debug|Any CPU
		{406C0772-6922-1ADC-F6E3-C342F50531A8}.Debug|Any CPU.Build.0 = Debug|Any CPU
		{406C0772-6922-1ADC-F6E3-C342F50531A8}.Release|Any CPU.ActiveCfg = Release|Any CPU
		{406C0772-6922-1ADC-F6E3-C342F50531A8}.Release|Any CPU.Build.0 = Release|Any CPU
		{0A822ACB-D36E-95F4-8081-CEBDA75E96FE}.Debug|Any CPU.ActiveCfg = Debug|Any CPU
		{0A822ACB-D36E-95F4-8081-CEBDA75E96FE}.Debug|Any CPU.Build.0 = Debug|Any CPU
		{0A822ACB-D36E-95F4-8081-CEBDA75E96FE}.Release|Any CPU.ActiveCfg = Release|Any CPU
		{0A822ACB-D36E-95F4-8081-CEBDA75E96FE}.Release|Any CPU.Build.0 = Release|Any CPU
		{859DA504-4592-3788-D8DC-A810D62BA268}.Debug|Any CPU.ActiveCfg = Debug|Any CPU
		{859DA504-4592-3788-D8DC-A810D62BA268}.Debug|Any CPU.Build.0 = Debug|Any CPU
		{859DA504-4592-3788-D8DC-A810D62BA268}.Release|Any CPU.ActiveCfg = Release|Any CPU
		{859DA504-4592-3788-D8DC-A810D62BA268}.Release|Any CPU.Build.0 = Release|Any CPU
	EndGlobalSection
	GlobalSection(SolutionProperties) = preSolution
		HideSolutionNode = FALSE
	EndGlobalSection
																			GlobalSection(MonoDevelopProperties) = preSolution
		StartupItem = Assembly-CSharp.csproj
		Policies = $0
		$0.TextStylePolicy = $1
		$1.inheritsSet = null
		$1.scope = text/x-csharp
		$0.CSharpFormattingPolicy = $2
		$2.inheritsSet = Mono
		$2.inheritsScope = text/x-csharp
		$2.scope = text/x-csharp
		$0.TextStylePolicy = $3
		$3.FileWidth = 120
		$3.TabWidth = 4
		$3.EolMarker = Unix
		$3.inheritsSet = Mono
		$3.inheritsScope = text/plain
		$3.scope = text/plain
	EndGlobalSection

EndGlobal
