Microsoft Visual Studio Solution File, Format Version 11.00
# Visual Studio 2008

Project("{DCE6CA1F-82C8-F8B9-C0A4-5793D87370A9}") = "Navigation_v0419_2015_ASUS", "Assembly-CSharp.csproj", "{D1DC89C3-A908-A59C-90DD-E964DCCBCD00}"
EndProject
Project("{DCE6CA1F-82C8-F8B9-C0A4-5793D87370A9}") = "Navigation_v0419_2015_ASUS", "Assembly-CSharp-Editor.csproj", "{E6D4D243-F96F-27CC-7DB5-56BCA4804D5F}"
EndProject
Project("{DCE6CA1F-82C8-F8B9-C0A4-5793D87370A9}") = "Navigation_v0419_2015_ASUS", "Assembly-UnityScript-Editor-firstpass.unityproj", "{E7C48803-2725-9790-C5B2-75B3D7908F60}"
EndProject
Global
	GlobalSection(SolutionConfigurationPlatforms) = preSolution
		Debug|Any CPU = Debug|Any CPU
		Release|Any CPU = Release|Any CPU
	EndGlobalSection
	GlobalSection(ProjectConfigurationPlatforms) = postSolution
		{D1DC89C3-A908-A59C-90DD-E964DCCBCD00}.Debug|Any CPU.ActiveCfg = Debug|Any CPU
		{D1DC89C3-A908-A59C-90DD-E964DCCBCD00}.Debug|Any CPU.Build.0 = Debug|Any CPU
		{D1DC89C3-A908-A59C-90DD-E964DCCBCD00}.Release|Any CPU.ActiveCfg = Release|Any CPU
		{D1DC89C3-A908-A59C-90DD-E964DCCBCD00}.Release|Any CPU.Build.0 = Release|Any CPU
		{E6D4D243-F96F-27CC-7DB5-56BCA4804D5F}.Debug|Any CPU.ActiveCfg = Debug|Any CPU
		{E6D4D243-F96F-27CC-7DB5-56BCA4804D5F}.Debug|Any CPU.Build.0 = Debug|Any CPU
		{E6D4D243-F96F-27CC-7DB5-56BCA4804D5F}.Release|Any CPU.ActiveCfg = Release|Any CPU
		{E6D4D243-F96F-27CC-7DB5-56BCA4804D5F}.Release|Any CPU.Build.0 = Release|Any CPU
		{E7C48803-2725-9790-C5B2-75B3D7908F60}.Debug|Any CPU.ActiveCfg = Debug|Any CPU
		{E7C48803-2725-9790-C5B2-75B3D7908F60}.Debug|Any CPU.Build.0 = Debug|Any CPU
		{E7C48803-2725-9790-C5B2-75B3D7908F60}.Release|Any CPU.ActiveCfg = Release|Any CPU
		{E7C48803-2725-9790-C5B2-75B3D7908F60}.Release|Any CPU.Build.0 = Release|Any CPU
	EndGlobalSection
	GlobalSection(SolutionProperties) = preSolution
		HideSolutionNode = FALSE
	EndGlobalSection
									GlobalSection(MonoDevelopProperties) = preSolution
		StartupItem = Assembly-CSharp.csproj
		Policies = $0
		$0.TextStylePolicy = $1
		$1.inheritsSet = null
		$1.scope = text/x-csharp
		$0.CSharpFormattingPolicy = $2
		$2.inheritsSet = Mono
		$2.inheritsScope = text/x-csharp
		$2.scope = text/x-csharp
		$0.TextStylePolicy = $3
		$3.FileWidth = 120
		$3.TabWidth = 4
		$3.EolMarker = Unix
		$3.inheritsSet = Mono
		$3.inheritsScope = text/plain
		$3.scope = text/plain
	EndGlobalSection

EndGlobal
