Microsoft Visual Studio Solution File, Format Version 11.00
# Visual Studio 2008

Project("{7DAED8CE-1C35-8C0E-D3A5-7C32BCA8F8C3}") = "Navigation_v0307_2015", "Assembly-CSharp.csproj", "{AEBE5B11-331F-3552-3B9F-CFB9AD4C52E2}"
EndProject
Project("{7DAED8CE-1C35-8C0E-D3A5-7C32BCA8F8C3}") = "Navigation_v0307_2015", "Assembly-CSharp-Editor.csproj", "{9A9A8D4E-FEA0-42CE-23BC-640EC8F9F460}"
EndProject
Project("{7DAED8CE-1C35-8C0E-D3A5-7C32BCA8F8C3}") = "Navigation_v0307_2015", "Assembly-UnityScript-Editor-firstpass.unityproj", "{AAE2A531-72F0-8C32-A057-DE1519868036}"
EndProject
Global
	GlobalSection(SolutionConfigurationPlatforms) = preSolution
		Debug|Any CPU = Debug|Any CPU
		Release|Any CPU = Release|Any CPU
	EndGlobalSection
	GlobalSection(ProjectConfigurationPlatforms) = postSolution
		{AEBE5B11-331F-3552-3B9F-CFB9AD4C52E2}.Debug|Any CPU.ActiveCfg = Debug|Any CPU
		{AEBE5B11-331F-3552-3B9F-CFB9AD4C52E2}.Debug|Any CPU.Build.0 = Debug|Any CPU
		{AEBE5B11-331F-3552-3B9F-CFB9AD4C52E2}.Release|Any CPU.ActiveCfg = Release|Any CPU
		{AEBE5B11-331F-3552-3B9F-CFB9AD4C52E2}.Release|Any CPU.Build.0 = Release|Any CPU
		{9A9A8D4E-FEA0-42CE-23BC-640EC8F9F460}.Debug|Any CPU.ActiveCfg = Debug|Any CPU
		{9A9A8D4E-FEA0-42CE-23BC-640EC8F9F460}.Debug|Any CPU.Build.0 = Debug|Any CPU
		{9A9A8D4E-FEA0-42CE-23BC-640EC8F9F460}.Release|Any CPU.ActiveCfg = Release|Any CPU
		{9A9A8D4E-FEA0-42CE-23BC-640EC8F9F460}.Release|Any CPU.Build.0 = Release|Any CPU
		{AAE2A531-72F0-8C32-A057-DE1519868036}.Debug|Any CPU.ActiveCfg = Debug|Any CPU
		{AAE2A531-72F0-8C32-A057-DE1519868036}.Debug|Any CPU.Build.0 = Debug|Any CPU
		{AAE2A531-72F0-8C32-A057-DE1519868036}.Release|Any CPU.ActiveCfg = Release|Any CPU
		{AAE2A531-72F0-8C32-A057-DE1519868036}.Release|Any CPU.Build.0 = Release|Any CPU
	EndGlobalSection
	GlobalSection(SolutionProperties) = preSolution
		HideSolutionNode = FALSE
	EndGlobalSection
			GlobalSection(MonoDevelopProperties) = preSolution
		StartupItem = Assembly-CSharp.csproj
		Policies = $0
		$0.TextStylePolicy = $1
		$1.inheritsSet = null
		$1.scope = text/x-csharp
		$0.CSharpFormattingPolicy = $2
		$2.inheritsSet = Mono
		$2.inheritsScope = text/x-csharp
		$2.scope = text/x-csharp
		$0.TextStylePolicy = $3
		$3.FileWidth = 120
		$3.TabWidth = 4
		$3.EolMarker = Unix
		$3.inheritsSet = Mono
		$3.inheritsScope = text/plain
		$3.scope = text/plain
	EndGlobalSection

EndGlobal
