Microsoft Visual Studio Solution File, Format Version 11.00
# Visual Studio 2008

Project("{F6CE8300-E709-5E32-87F7-73E0A2E732DD}") = "SchoolNavigation_test", "Assembly-CSharp-vs.csproj", "{49832C50-DACD-7F63-6161-03BF9A0F1096}"
EndProject
Project("{F6CE8300-E709-5E32-87F7-73E0A2E732DD}") = "SchoolNavigation_test", "Assembly-CSharp-Editor-vs.csproj", "{FCB6B176-D489-F024-8238-963070D2C1E5}"
EndProject
Global
	GlobalSection(SolutionConfigurationPlatforms) = preSolution
		Debug|Any CPU = Debug|Any CPU
		Release|Any CPU = Release|Any CPU
	EndGlobalSection
	GlobalSection(ProjectConfigurationPlatforms) = postSolution
		{49832C50-DACD-7F63-6161-03BF9A0F1096}.Debug|Any CPU.ActiveCfg = Debug|Any CPU
		{49832C50-DACD-7F63-6161-03BF9A0F1096}.Debug|Any CPU.Build.0 = Debug|Any CPU
		{49832C50-DACD-7F63-6161-03BF9A0F1096}.Release|Any CPU.ActiveCfg = Release|Any CPU
		{49832C50-DACD-7F63-6161-03BF9A0F1096}.Release|Any CPU.Build.0 = Release|Any CPU
		{FCB6B176-D489-F024-8238-963070D2C1E5}.Debug|Any CPU.ActiveCfg = Debug|Any CPU
		{FCB6B176-D489-F024-8238-963070D2C1E5}.Debug|Any CPU.Build.0 = Debug|Any CPU
		{FCB6B176-D489-F024-8238-963070D2C1E5}.Release|Any CPU.ActiveCfg = Release|Any CPU
		{FCB6B176-D489-F024-8238-963070D2C1E5}.Release|Any CPU.Build.0 = Release|Any CPU
	EndGlobalSection
	GlobalSection(SolutionProperties) = preSolution
		HideSolutionNode = FALSE
	EndGlobalSection
														GlobalSection(MonoDevelopProperties) = preSolution
		StartupItem = Assembly-CSharp.csproj
		Policies = $0
		$0.TextStylePolicy = $1
		$1.inheritsSet = null
		$1.scope = text/x-csharp
		$0.CSharpFormattingPolicy = $2
		$2.inheritsSet = Mono
		$2.inheritsScope = text/x-csharp
		$2.scope = text/x-csharp
		$0.TextStylePolicy = $3
		$3.FileWidth = 120
		$3.TabWidth = 4
		$3.EolMarker = Unix
		$3.inheritsSet = Mono
		$3.inheritsScope = text/plain
		$3.scope = text/plain
	EndGlobalSection

EndGlobal
